
Microsoft Visual Studio Solution File, Format Version 12.00
# Visual Studio 15
VisualStudioVersion = 15.0.27130.2027
MinimumVisualStudioVersion = 10.0.40219.1
Project("{9A19103F-16F7-4668-BE54-9A1E7A4F7556}") = "Numerics", "Numerics\Numerics.csproj", "{9BA28047-CD12-429E-9B60-3418AF7AD939}"
EndProject
Project("{9A19103F-16F7-4668-BE54-9A1E7A4F7556}") = "Test", "Test\Test.csproj", "{0263FAEF-4509-429F-8C62-EDBADD468A5D}"
EndProject
Global
	GlobalSection(SolutionConfigurationPlatforms) = preSolution
		Debug|Any CPU = Debug|Any CPU
		Release|Any CPU = Release|Any CPU
	EndGlobalSection
	GlobalSection(ProjectConfigurationPlatforms) = postSolution
		{9BA28047-CD12-429E-9B60-3418AF7AD939}.Debug|Any CPU.ActiveCfg = Debug|Any CPU
		{9BA28047-CD12-429E-9B60-3418AF7AD939}.Debug|Any CPU.Build.0 = Debug|Any CPU
		{9BA28047-CD12-429E-9B60-3418AF7AD939}.Release|Any CPU.ActiveCfg = Release|Any CPU
		{9BA28047-CD12-429E-9B60-3418AF7AD939}.Release|Any CPU.Build.0 = Release|Any CPU
		{0263FAEF-4509-429F-8C62-EDBADD468A5D}.Debug|Any CPU.ActiveCfg = Debug|Any CPU
		{0263FAEF-4509-429F-8C62-EDBADD468A5D}.Debug|Any CPU.Build.0 = Debug|Any CPU
		{0263FAEF-4509-429F-8C62-EDBADD468A5D}.Release|Any CPU.ActiveCfg = Release|Any CPU
		{0263FAEF-4509-429F-8C62-EDBADD468A5D}.Release|Any CPU.Build.0 = Release|Any CPU
	EndGlobalSection
	GlobalSection(SolutionProperties) = preSolution
		HideSolutionNode = FALSE
	EndGlobalSection
	GlobalSection(ExtensibilityGlobals) = postSolution
		SolutionGuid = {66762318-2217-4CC6-BAC2-5562E110C1E1}
	EndGlobalSection
	GlobalSection(TestCaseManagementSettings) = postSolution
		CategoryFile = Numerics1.vsmdi
	EndGlobalSection
EndGlobal
